// !$*UTF8*$!
{
	archiveVersion = 1;
	classes = {
	};
	objectVersion = 48;
	objects = {

/* Begin PBXBuildFile section */
		0EEDADCA1FEEEEF000A98B74 /* AppDelegate.swift in Sources */ = {isa = PBXBuildFile; fileRef = 0EEDADC91FEEEEF000A98B74 /* AppDelegate.swift */; };
		0EEDADCC1FEEEEF000A98B74 /* ViewController.swift in Sources */ = {isa = PBXBuildFile; fileRef = 0EEDADCB1FEEEEF000A98B74 /* ViewController.swift */; };
		0EEDADCF1FEEEEF000A98B74 /* Main.storyboard in Resources */ = {isa = PBXBuildFile; fileRef = 0EEDADCD1FEEEEF000A98B74 /* Main.storyboard */; };
		0EEDADD11FEEEEF000A98B74 /* Assets.xcassets in Resources */ = {isa = PBXBuildFile; fileRef = 0EEDADD01FEEEEF000A98B74 /* Assets.xcassets */; };
		0EEDADD41FEEEEF000A98B74 /* LaunchScreen.storyboard in Resources */ = {isa = PBXBuildFile; fileRef = 0EEDADD21FEEEEF000A98B74 /* LaunchScreen.storyboard */; };
/* End PBXBuildFile section */

/* Begin PBXFileReference section */
		0EEDADC61FEEEEF000A98B74 /* Best Mom.app */ = {isa = PBXFileReference; explicitFileType = wrapper.application; includeInIndex = 0; path = "Best Mom.app"; sourceTree = BUILT_PRODUCTS_DIR; };
		0EEDADC91FEEEEF000A98B74 /* AppDelegate.swift */ = {isa = PBXFileReference; lastKnownFileType = sourcecode.swift; path = AppDelegate.swift; sourceTree = "<group>"; };
		0EEDADCB1FEEEEF000A98B74 /* ViewController.swift */ = {isa = PBXFileReference; lastKnownFileType = sourcecode.swift; path = ViewController.swift; sourceTree = "<group>"; };
		0EEDADCE1FEEEEF000A98B74 /* Base */ = {isa = PBXFileReference; lastKnownFileType = file.storyboard; name = Base; path = Base.lproj/Main.storyboard; sourceTree = "<group>"; };
		0EEDADD01FEEEEF000A98B74 /* Assets.xcassets */ = {isa = PBXFileReference; lastKnownFileType = folder.assetcatalog; path = Assets.xcassets; sourceTree = "<group>"; };
		0EEDADD31FEEEEF000A98B74 /* Base */ = {isa = PBXFileReference; lastKnownFileType = file.storyboard; name = Base; path = Base.lproj/LaunchScreen.storyboard; sourceTree = "<group>"; };
		0EEDADD51FEEEEF000A98B74 /* Info.plist */ = {isa = PBXFileReference; lastKnownFileType = text.plist.xml; path = Info.plist; sourceTree = "<group>"; };
/* End PBXFileReference section */

/* Begin PBXFrameworksBuildPhase section */
		0EEDADC31FEEEEF000A98B74 /* Frameworks */ = {
			isa = PBXFrameworksBuildPhase;
			buildActionMask = 2147483647;
			files = (
			);
			runOnlyForDeploymentPostprocessing = 0;
		};
/* End PBXFrameworksBuildPhase section */

/* Begin PBXGroup section */
		0EEDADBD1FEEEEEF00A98B74 = {
			isa = PBXGroup;
			children = (
				0EEDADC81FEEEEF000A98B74 /* Best Mom */,
				0EEDADC71FEEEEF000A98B74 /* Products */,
			);
			sourceTree = "<group>";
		};
		0EEDADC71FEEEEF000A98B74 /* Products */ = {
			isa = PBXGroup;
			children = (
				0EEDADC61FEEEEF000A98B74 /* Best Mom.app */,
			);
			name = Products;
			sourceTree = "<group>";
		};
		0EEDADC81FEEEEF000A98B74 /* Best Mom */ = {
			isa = PBXGroup;
			children = (
				0EEDADC91FEEEEF000A98B74 /* AppDelegate.swift */,
				0EEDADCB1FEEEEF000A98B74 /* ViewController.swift */,
				0EEDADCD1FEEEEF000A98B74 /* Main.storyboard */,
				0EEDADD01FEEEEF000A98B74 /* Assets.xcassets */,
				0EEDADD21FEEEEF000A98B74 /* LaunchScreen.storyboard */,
				0EEDADD51FEEEEF000A98B74 /* Info.plist */,
			);
			path = "Best Mom";
			sourceTree = "<group>";
		};
/* End PBXGroup section */

/* Begin PBXNativeTarget section */
		0EEDADC51FEEEEF000A98B74 /* Best Mom */ = {
			isa = PBXNativeTarget;
			buildConfigurationList = 0EEDADD81FEEEEF000A98B74 /* Build configuration list for PBXNativeTarget "Best Mom" */;
			buildPhases = (
				0EEDADC21FEEEEF000A98B74 /* Sources */,
				0EEDADC31FEEEEF000A98B74 /* Frameworks */,
				0EEDADC41FEEEEF000A98B74 /* Resources */,
			);
			buildRules = (
			);
			dependencies = (
			);
			name = "Best Mom";
			productName = "Best Mom";
			productReference = 0EEDADC61FEEEEF000A98B74 /* Best Mom.app */;
			productType = "com.apple.product-type.application";
		};
/* End PBXNativeTarget section */

/* Begin PBXProject section */
		0EEDADBE1FEEEEEF00A98B74 /* Project object */ = {
			isa = PBXProject;
			attributes = {
				LastSwiftUpdateCheck = 0920;
				LastUpgradeCheck = 0920;
				ORGANIZATIONNAME = "Jason Mitchell";
				TargetAttributes = {
					0EEDADC51FEEEEF000A98B74 = {
						CreatedOnToolsVersion = 9.2;
						ProvisioningStyle = Automatic;
					};
				};
			};
			buildConfigurationList = 0EEDADC11FEEEEEF00A98B74 /* Build configuration list for PBXProject "Best Mom" */;
			compatibilityVersion = "Xcode 8.0";
			developmentRegion = en;
			hasScannedForEncodings = 0;
			knownRegions = (
				en,
				Base,
			);
			mainGroup = 0EEDADBD1FEEEEEF00A98B74;
			productRefGroup = 0EEDADC71FEEEEF000A98B74 /* Products */;
			projectDirPath = "";
			projectRoot = "";
			targets = (
				0EEDADC51FEEEEF000A98B74 /* Best Mom */,
			);
		};
/* End PBXProject section */

/* Begin PBXResourcesBuildPhase section */
		0EEDADC41FEEEEF000A98B74 /* Resources */ = {
			isa = PBXResourcesBuildPhase;
			buildActionMask = 2147483647;
			files = (
				0EEDADD41FEEEEF000A98B74 /* LaunchScreen.storyboard in Resources */,
				0EEDADD11FEEEEF000A98B74 /* Assets.xcassets in Resources */,
				0EEDADCF1FEEEEF000A98B74 /* Main.storyboard in Resources */,
			);
			runOnlyForDeploymentPostprocessing = 0;
		};
/* End PBXResourcesBuildPhase section */

/* Begin PBXSourcesBuildPhase section */
		0EEDADC21FEEEEF000A98B74 /* Sources */ = {
			isa = PBXSourcesBuildPhase;
			buildActionMask = 2147483647;
			files = (
				0EEDADCC1FEEEEF000A98B74 /* ViewController.swift in Sources */,
				0EEDADCA1FEEEEF000A98B74 /* AppDelegate.swift in Sources */,
			);
			runOnlyForDeploymentPostprocessing = 0;
		};
/* End PBXSourcesBuildPhase section */

/* Begin PBXVariantGroup section */
		0EEDADCD1FEEEEF000A98B74 /* Main.storyboard */ = {
			isa = PBXVariantGroup;
			children = (
				0EEDADCE1FEEEEF000A98B74 /* Base */,
			);
			name = Main.storyboard;
			sourceTree = "<group>";
		};
		0EEDADD21FEEEEF000A98B74 /* LaunchScreen.storyboard */ = {
			isa = PBXVariantGroup;
			children = (
				0EEDADD31FEEEEF000A98B74 /* Base */,
			);
			name = LaunchScreen.storyboard;
			sourceTree = "<group>";
		};
/* End PBXVariantGroup section */

/* Begin XCBuildConfiguration section */
		0EEDADD61FEEEEF000A98B74 /* Debug */ = {
			isa = XCBuildConfiguration;
			buildSettings = {
				ALWAYS_SEARCH_USER_PATHS = NO;
				CLANG_ANALYZER_NONNULL = YES;
				CLANG_ANALYZER_NUMBER_OBJECT_CONVERSION = YES_AGGRESSIVE;
				CLANG_CXX_LANGUAGE_STANDARD = "gnu++14";
				CLANG_CXX_LIBRARY = "libc++";
				CLANG_ENABLE_MODULES = YES;
				CLANG_ENABLE_OBJC_ARC = YES;
				CLANG_WARN_BLOCK_CAPTURE_AUTORELEASING = YES;
				CLANG_WARN_BOOL_CONVERSION = YES;
				CLANG_WARN_COMMA = YES;
				CLANG_WARN_CONSTANT_CONVERSION = YES;
				CLANG_WARN_DIRECT_OBJC_ISA_USAGE = YES_ERROR;
				CLANG_WARN_DOCUMENTATION_COMMENTS = YES;
				CLANG_WARN_EMPTY_BODY = YES;
				CLANG_WARN_ENUM_CONVERSION = YES;
				CLANG_WARN_INFINITE_RECURSION = YES;
				CLANG_WARN_INT_CONVERSION = YES;
				CLANG_WARN_NON_LITERAL_NULL_CONVERSION = YES;
				CLANG_WARN_OBJC_LITERAL_CONVERSION = YES;
				CLANG_WARN_OBJC_ROOT_CLASS = YES_ERROR;
				CLANG_WARN_RANGE_LOOP_ANALYSIS = YES;
				CLANG_WARN_STRICT_PROTOTYPES = YES;
				CLANG_WARN_SUSPICIOUS_MOVE = YES;
				CLANG_WARN_UNGUARDED_AVAILABILITY = YES_AGGRESSIVE;
				CLANG_WARN_UNREACHABLE_CODE = YES;
				CLANG_WARN__DUPLICATE_METHOD_MATCH = YES;
				CODE_SIGN_IDENTITY = "iPhone Developer";
				COPY_PHASE_STRIP = NO;
				DEBUG_INFORMATION_FORMAT = dwarf;
				ENABLE_STRICT_OBJC_MSGSEND = YES;
				ENABLE_TESTABILITY = YES;
				GCC_C_LANGUAGE_STANDARD = gnu11;
				GCC_DYNAMIC_NO_PIC = NO;
				GCC_NO_COMMON_BLOCKS = YES;
				GCC_OPTIMIZATION_LEVEL = 0;
				GCC_PREPROCESSOR_DEFINITIONS = (
					"DEBUG=1",
					"$(inherited)",
				);
				GCC_WARN_64_TO_32_BIT_CONVERSION = YES;
				GCC_WARN_ABOUT_RETURN_TYPE = YES_ERROR;
				GCC_WARN_UNDECLARED_SELECTOR = YES;
				GCC_WARN_UNINITIALIZED_AUTOS = YES_AGGRESSIVE;
				GCC_WARN_UNUSED_FUNCTION = YES;
				GCC_WARN_UNUSED_VARIABLE = YES;
				IPHONEOS_DEPLOYMENT_TARGET = 11.2;
				MTL_ENABLE_DEBUG_INFO = YES;
				ONLY_ACTIVE_ARCH = YES;
				SDKROOT = iphoneos;
				SWIFT_ACTIVE_COMPILATION_CONDITIONS = DEBUG;
				SWIFT_OPTIMIZATION_LEVEL = "-Onone";
			};
			name = Debug;
		};
		0EEDADD71FEEEEF000A98B74 /* Release */ = {
			isa = XCBuildConfiguration;
			buildSettings = {
				ALWAYS_SEARCH_USER_PATHS = NO;
				CLANG_ANALYZER_NONNULL = YES;
				CLANG_ANALYZER_NUMBER_OBJECT_CONVERSION = YES_AGGRESSIVE;
				CLANG_CXX_LANGUAGE_STANDARD = "gnu++14";
				CLANG_CXX_LIBRARY = "libc++";
				CLANG_ENABLE_MODULES = YES;
				CLANG_ENABLE_OBJC_ARC = YES;
				CLANG_WARN_BLOCK_CAPTURE_AUTORELEASING = YES;
				CLANG_WARN_BOOL_CONVERSION = YES;
				CLANG_WARN_COMMA = YES;
				CLANG_WARN_CONSTANT_CONVERSION = YES;
				CLANG_WARN_DIRECT_OBJC_ISA_USAGE = YES_ERROR;
				CLANG_WARN_DOCUMENTATION_COMMENTS = YES;
				CLANG_WARN_EMPTY_BODY = YES;
				CLANG_WARN_ENUM_CONVERSION = YES;
				CLANG_WARN_INFINITE_RECURSION = YES;
				CLANG_WARN_INT_CONVERSION = YES;
				CLANG_WARN_NON_LITERAL_NULL_CONVERSION = YES;
				CLANG_WARN_OBJC_LITERAL_CONVERSION = YES;
				CLANG_WARN_OBJC_ROOT_CLASS = YES_ERROR;
				CLANG_WARN_RANGE_LOOP_ANALYSIS = YES;
				CLANG_WARN_STRICT_PROTOTYPES = YES;
				CLANG_WARN_SUSPICIOUS_MOVE = YES;
				CLANG_WARN_UNGUARDED_AVAILABILITY = YES_AGGRESSIVE;
				CLANG_WARN_UNREACHABLE_CODE = YES;
				CLANG_WARN__DUPLICATE_METHOD_MATCH = YES;
				CODE_SIGN_IDENTITY = "iPhone Developer";
				COPY_PHASE_STRIP = NO;
				DEBUG_INFORMATION_FORMAT = "dwarf-with-dsym";
				ENABLE_NS_ASSERTIONS = NO;
				ENABLE_STRICT_OBJC_MSGSEND = YES;
				GCC_C_LANGUAGE_STANDARD = gnu11;
				GCC_NO_COMMON_BLOCKS = YES;
				GCC_WARN_64_TO_32_BIT_CONVERSION = YES;
				GCC_WARN_ABOUT_RETURN_TYPE = YES_ERROR;
				GCC_WARN_UNDECLARED_SELECTOR = YES;
				GCC_WARN_UNINITIALIZED_AUTOS = YES_AGGRESSIVE;
				GCC_WARN_UNUSED_FUNCTION = YES;
				GCC_WARN_UNUSED_VARIABLE = YES;
				IPHONEOS_DEPLOYMENT_TARGET = 11.2;
				MTL_ENABLE_DEBUG_INFO = NO;
				SDKROOT = iphoneos;
				SWIFT_OPTIMIZATION_LEVEL = "-Owholemodule";
				VALIDATE_PRODUCT = YES;
			};
			name = Release;
		};
		0EEDADD91FEEEEF000A98B74 /* Debug */ = {
			isa = XCBuildConfiguration;
			buildSettings = {
				ASSETCATALOG_COMPILER_APPICON_NAME = AppIcon;
				CODE_SIGN_STYLE = Automatic;
				DEVELOPMENT_TEAM = FT544A278F;
				INFOPLIST_FILE = "Best Mom/Info.plist";
				IPHONEOS_DEPLOYMENT_TARGET = 11.1;
				LD_RUNPATH_SEARCH_PATHS = "$(inherited) @executable_path/Frameworks";
				PRODUCT_BUNDLE_IDENTIFIER = "tech.jasonmitchell.Best-Mom";
				PRODUCT_NAME = "$(TARGET_NAME)";
				SWIFT_VERSION = 4.0;
				TARGETED_DEVICE_FAMILY = 1;
			};
			name = Debug;
		};
		0EEDADDA1FEEEEF000A98B74 /* Release */ = {
			isa = XCBuildConfiguration;
			buildSettings = {
				ASSETCATALOG_COMPILER_APPICON_NAME = AppIcon;
				CODE_SIGN_STYLE = Automatic;
				DEVELOPMENT_TEAM = FT544A278F;
				INFOPLIST_FILE = "Best Mom/Info.plist";
				IPHONEOS_DEPLOYMENT_TARGET = 11.1;
				LD_RUNPATH_SEARCH_PATHS = "$(inherited) @executable_path/Frameworks";
				PRODUCT_BUNDLE_IDENTIFIER = "tech.jasonmitchell.Best-Mom";
				PRODUCT_NAME = "$(TARGET_NAME)";
				SWIFT_VERSION = 4.0;
				TARGETED_DEVICE_FAMILY = 1;
			};
			name = Release;
		};
/* End XCBuildConfiguration section */

/* Begin XCConfigurationList section */
		0EEDADC11FEEEEEF00A98B74 /* Build configuration list for PBXProject "Best Mom" */ = {
			isa = XCConfigurationList;
			buildConfigurations = (
				0EEDADD61FEEEEF000A98B74 /* Debug */,
				0EEDADD71FEEEEF000A98B74 /* Release */,
			);
			defaultConfigurationIsVisible = 0;
			defaultConfigurationName = Release;
		};
		0EEDADD81FEEEEF000A98B74 /* Build configuration list for PBXNativeTarget "Best Mom" */ = {
			isa = XCConfigurationList;
			buildConfigurations = (
				0EEDADD91FEEEEF000A98B74 /* Debug */,
				0EEDADDA1FEEEEF000A98B74 /* Release */,
			);
			defaultConfigurationIsVisible = 0;
			defaultConfigurationName = Release;
		};
/* End XCConfigurationList section */
	};
	rootObject = 0EEDADBE1FEEEEEF00A98B74 /* Project object */;
}
